
Microsoft Visual Studio Solution File, Format Version 12.00
# Visual Studio 15
VisualStudioVersion = 15.0.28307.572
MinimumVisualStudioVersion = 10.0.40219.1
Project("{8BC9CEB8-8B4A-11D0-8D11-00A0C91BC942}") = "bubble_sort", "bubble_sort\bubble_sort.vcxproj", "{A183B5AC-75BC-4FB0-A23F-56077B787736}"
EndProject
Global
	GlobalSection(SolutionConfigurationPlatforms) = preSolution
		Debug|x64 = Debug|x64
		Debug|x86 = Debug|x86
		Release|x64 = Release|x64
		Release|x86 = Release|x86
	EndGlobalSection
	GlobalSection(ProjectConfigurationPlatforms) = postSolution
		{A183B5AC-75BC-4FB0-A23F-56077B787736}.Debug|x64.ActiveCfg = Debug|x64
		{A183B5AC-75BC-4FB0-A23F-56077B787736}.Debug|x64.Build.0 = Debug|x64
		{A183B5AC-75BC-4FB0-A23F-56077B787736}.Debug|x86.ActiveCfg = Debug|Win32
		{A183B5AC-75BC-4FB0-A23F-56077B787736}.Debug|x86.Build.0 = Debug|Win32
		{A183B5AC-75BC-4FB0-A23F-56077B787736}.Release|x64.ActiveCfg = Release|x64
		{A183B5AC-75BC-4FB0-A23F-56077B787736}.Release|x64.Build.0 = Release|x64
		{A183B5AC-75BC-4FB0-A23F-56077B787736}.Release|x86.ActiveCfg = Release|Win32
		{A183B5AC-75BC-4FB0-A23F-56077B787736}.Release|x86.Build.0 = Release|Win32
	EndGlobalSection
	GlobalSection(SolutionProperties) = preSolution
		HideSolutionNode = FALSE
	EndGlobalSection
	GlobalSection(ExtensibilityGlobals) = postSolution
		SolutionGuid = {2E02414F-0788-4429-83DD-82D26FC85411}
	EndGlobalSection
EndGlobal
